# THIS IS AN AUTOGENERATED FILE. DO NOT EDIT THIS FILE DIRECTLY.
# yarn lockfile v1


xstate@^4.7.6:
  version "4.7.6"
  resolved "https://registry.yarnpkg.com/xstate/-/xstate-4.7.6.tgz#52907b0232ff78406077ad095eb1ad6bbc6c77cb"
  integrity sha512-TjBk1/uOxu2yxSQW0eNNasOvKMtg+4KknlkM57Pw9D+jF124nLz+Qo4nEcC98rR6YMw4d9VxunIb5XzOjgLqlQ==
